<?xml version="1.0" encoding="utf-8"?>
<Project ToolsVersion="4.0" xmlns="http://schemas.microsoft.com/developer/msbuild/2003">
  <ItemGroup>
    <Filter Include="Source Files">
      <UniqueIdentifier>{4FC737F1-C7A5-4376-A066-2A32D752A2FF}</UniqueIdentifier>
      <Extensions>cpp;c;cc;cxx;c++;cppm;ixx;def;odl;idl;hpj;bat;asm;asmx</Extensions>
    </Filter>
    <Filter Include="Header Files">
      <UniqueIdentifier>{93995380-89BD-4b04-88EB-625FBE52EBFB}</UniqueIdentifier>
      <Extensions>h;hh;hpp;hxx;h++;hm;inl;inc;ipp;xsd</Extensions>
    </Filter>
    <Filter Include="Resource Files">
      <UniqueIdentifier>{67DA6AB6-F800-4c08-8B7A-83BB121AAD01}</UniqueIdentifier>
      <Extensions>rc;ico;cur;bmp;dlg;rc2;rct;bin;rgs;gif;jpg;jpeg;jpe;resx;tiff;tif;png;wav;mfcribbon-ms</Extensions>
    </Filter>
  </ItemGroup>
  <ItemGroup>
    <ClCompile Include="GoobySoft.cpp">
      <Filter>Source Files</Filter>
    </ClCompile>
    <ClCompile Include="Tools\Software\Libraries\ImGuiFileDialog\ImGuiFileDialog.cpp">
      <Filter>Source Files</Filter>
    </ClCompile>
    <ClCompile Include="Tools\Gui\CreateDialogs\CreateDialogs.cpp">
      <Filter>Source Files</Filter>
    </ClCompile>
    <ClCompile Include="Tools\Gui\CreateItems\CreateItems.cpp">
      <Filter>Source Files</Filter>
    </ClCompile>
    <ClCompile Include="Tools\Hardware\FileSystem\FileSystem.cpp">
      <Filter>Source Files</Filter>
    </ClCompile>
    <ClCompile Include="Tools\Hardware\USB\Protocols\CDC\CDC.cpp">
      <Filter>Source Files</Filter>
    </ClCompile>
    <ClCompile Include="Tools\Hardware\USB\Protocols\ModbusRTU\ModbusRTU.cpp">
      <Filter>Source Files</Filter>
    </ClCompile>
    <ClCompile Include="Tools\Hardware\USB\USB.cpp">
      <Filter>Source Files</Filter>
    </ClCompile>
    <ClCompile Include="Tools\Software\Algorithms\Algorithms.cpp">
      <Filter>Source Files</Filter>
    </ClCompile>
    <ClCompile Include="Tools\Storage\Databases\MySQL\MySQL.cpp">
      <Filter>Source Files</Filter>
    </ClCompile>
    <ClCompile Include="Tools\Storage\Databases\Databases.cpp">
      <Filter>Source Files</Filter>
    </ClCompile>
    <ClCompile Include="Tools\Storage\Parameters\Parameters.cpp">
      <Filter>Source Files</Filter>
    </ClCompile>
    <ClCompile Include="Windows\Dialogs\ConnectionDialogs\DatabaseConnectionDialog\DatabaseConnectionDialog.cpp">
      <Filter>Source Files</Filter>
    </ClCompile>
    <ClCompile Include="Windows\Dialogs\ConnectionDialogs\USBConnectionDialog\USBConnectionDialog.cpp">
      <Filter>Source Files</Filter>
    </ClCompile>
    <ClCompile Include="Windows\Dialogs\FileDialogs\LogFilePathDialog\LogFilePathDialog.cpp">
      <Filter>Source Files</Filter>
    </ClCompile>
    <ClCompile Include="Windows\Dialogs\MeasurementDialogs\ConfigureMeasurementDialog\ConfigureMeasurementDialog.cpp">
      <Filter>Source Files</Filter>
    </ClCompile>
    <ClCompile Include="Windows\Dialogs\MeasurementDialogs\CreateMeasurementDialog\CreateMeasurementDialog.cpp">
      <Filter>Source Files</Filter>
    </ClCompile>
    <ClCompile Include="Windows\Windows.cpp">
      <Filter>Source Files</Filter>
    </ClCompile>
    <ClCompile Include="Windows\Dialogs\MeasurementDialogs\ViewMeasurementDialog\ViewMeasurementDialog.cpp">
      <Filter>Source Files</Filter>
    </ClCompile>
    <ClCompile Include="Tools\Software\Libraries\ImPlot\implot.cpp">
      <Filter>Source Files</Filter>
    </ClCompile>
    <ClCompile Include="Tools\Software\Libraries\ImPlot\implot_items.cpp">
      <Filter>Source Files</Filter>
    </ClCompile>
    <ClCompile Include="Tools\Software\Libraries\ImGui\imgui.cpp">
      <Filter>Source Files</Filter>
    </ClCompile>
    <ClCompile Include="Tools\Software\Libraries\ImGui\imgui_demo.cpp">
      <Filter>Source Files</Filter>
    </ClCompile>
    <ClCompile Include="Tools\Software\Libraries\ImGui\imgui_draw.cpp">
      <Filter>Source Files</Filter>
    </ClCompile>
    <ClCompile Include="Tools\Software\Libraries\ImGui\imgui_tables.cpp">
      <Filter>Source Files</Filter>
    </ClCompile>
    <ClCompile Include="Tools\Software\Libraries\ImGui\imgui_widgets.cpp">
      <Filter>Source Files</Filter>
    </ClCompile>
    <ClCompile Include="Tools\Software\Libraries\ImGui\backends\imgui_impl_sdl2.cpp">
      <Filter>Source Files</Filter>
    </ClCompile>
    <ClCompile Include="Tools\Software\Libraries\ImGui\backends\imgui_impl_opengl3.cpp">
      <Filter>Source Files</Filter>
    </ClCompile>
    <ClCompile Include="Tools\Communications\Devices\Devices.cpp">
      <Filter>Source Files</Filter>
    </ClCompile>
    <ClCompile Include="Tools\Hardware\Network\Protocols\ModbusTCP\ModbusTCP.cpp">
      <Filter>Source Files</Filter>
    </ClCompile>
    <ClCompile Include="Windows\Dialogs\ConnectionDialogs\NetworkConnectionDialog\NetworkConnectionDialog.cpp">
      <Filter>Source Files</Filter>
    </ClCompile>
    <ClCompile Include="Tools\Hardware\Network\Network.cpp">
      <Filter>Source Files</Filter>
    </ClCompile>
    <ClCompile Include="Tools\Communications\Devices\STM32PLC\STM32PLC.cpp">
      <Filter>Source Files</Filter>
    </ClCompile>
    <ClCompile Include="Tools\Communications\Devices\ADL400\ADL400.cpp">
      <Filter>Source Files</Filter>
    </ClCompile>
  </ItemGroup>
  <ItemGroup>
    <ClInclude Include="Tools\Communications\Devices\Devices.h">
      <Filter>Header Files</Filter>
    </ClInclude>
    <ClInclude Include="Tools\Communications\Communications.h">
      <Filter>Header Files</Filter>
    </ClInclude>
    <ClInclude Include="Tools\Software\Libraries\ImGuiFileDialog\dirent\dirent.h">
      <Filter>Header Files</Filter>
    </ClInclude>
    <ClInclude Include="Tools\Software\Libraries\ImGuiFileDialog\stb\stb_image.h">
      <Filter>Header Files</Filter>
    </ClInclude>
    <ClInclude Include="Tools\Software\Libraries\ImGuiFileDialog\stb\stb_image_resize.h">
      <Filter>Header Files</Filter>
    </ClInclude>
    <ClInclude Include="Tools\Software\Libraries\ImGuiFileDialog\ImGuiFileDialog.h">
      <Filter>Header Files</Filter>
    </ClInclude>
    <ClInclude Include="Tools\Software\Libraries\ImGuiFileDialog\ImGuiFileDialogConfig.h">
      <Filter>Header Files</Filter>
    </ClInclude>
    <ClInclude Include="Tools\Gui\CreateDialogs\CreateDialogs.h">
      <Filter>Header Files</Filter>
    </ClInclude>
    <ClInclude Include="Tools\Gui\CreateItems\CreateItems.h">
      <Filter>Header Files</Filter>
    </ClInclude>
    <ClInclude Include="Tools\Gui\Gui.h">
      <Filter>Header Files</Filter>
    </ClInclude>
    <ClInclude Include="Tools\Hardware\FileSystem\FileSystem.h">
      <Filter>Header Files</Filter>
    </ClInclude>
    <ClInclude Include="Tools\Hardware\USB\Protocols\CDC\CDC.h">
      <Filter>Header Files</Filter>
    </ClInclude>
    <ClInclude Include="Tools\Hardware\USB\Protocols\ModbusRTU\ModbusRTU.h">
      <Filter>Header Files</Filter>
    </ClInclude>
    <ClInclude Include="Tools\Hardware\USB\Protocols\Protocols.h">
      <Filter>Header Files</Filter>
    </ClInclude>
    <ClInclude Include="Tools\Hardware\USB\USB.h">
      <Filter>Header Files</Filter>
    </ClInclude>
    <ClInclude Include="Tools\Hardware\Hardware.h">
      <Filter>Header Files</Filter>
    </ClInclude>
    <ClInclude Include="Tools\Software\Algorithms\Algorithms.h">
      <Filter>Header Files</Filter>
    </ClInclude>
    <ClInclude Include="Tools\Software\Software.h">
      <Filter>Header Files</Filter>
    </ClInclude>
    <ClInclude Include="Tools\Storage\Databases\MySQL\MySQL.h">
      <Filter>Header Files</Filter>
    </ClInclude>
    <ClInclude Include="Tools\Storage\Databases\Databases.h">
      <Filter>Header Files</Filter>
    </ClInclude>
    <ClInclude Include="Tools\Storage\Parameters\Parameters.h">
      <Filter>Header Files</Filter>
    </ClInclude>
    <ClInclude Include="Tools\Storage\Storage.h">
      <Filter>Header Files</Filter>
    </ClInclude>
    <ClInclude Include="Tools\Tools.h">
      <Filter>Header Files</Filter>
    </ClInclude>
    <ClInclude Include="Windows\Dialogs\ConnectionDialogs\DatabaseConnectionDialog\DatabaseConnectionDialog.h">
      <Filter>Header Files</Filter>
    </ClInclude>
    <ClInclude Include="Windows\Dialogs\ConnectionDialogs\USBConnectionDialog\USBConnectionDialog.h">
      <Filter>Header Files</Filter>
    </ClInclude>
    <ClInclude Include="Windows\Dialogs\ConnectionDialogs\ConnectionDialogs.h">
      <Filter>Header Files</Filter>
    </ClInclude>
    <ClInclude Include="Windows\Dialogs\FileDialogs\LogFilePathDialog\LogFilePathDialog.h">
      <Filter>Header Files</Filter>
    </ClInclude>
    <ClInclude Include="Windows\Dialogs\FileDialogs\FileDialogs.h">
      <Filter>Header Files</Filter>
    </ClInclude>
    <ClInclude Include="Windows\Dialogs\MeasurementDialogs\ConfigureMeasurementDialog\ConfigureMeasurementDialog.h">
      <Filter>Header Files</Filter>
    </ClInclude>
    <ClInclude Include="Windows\Dialogs\MeasurementDialogs\CreateMeasurementDialog\CreateMeasurementDialog.h">
      <Filter>Header Files</Filter>
    </ClInclude>
    <ClInclude Include="Windows\Dialogs\MeasurementDialogs\MeasurementDialogs.h">
      <Filter>Header Files</Filter>
    </ClInclude>
    <ClInclude Include="Windows\Dialogs\Dialogs.h">
      <Filter>Header Files</Filter>
    </ClInclude>
    <ClInclude Include="Windows\Windows.h">
      <Filter>Header Files</Filter>
    </ClInclude>
    <ClInclude Include="Resources\Images\resource1.h">
      <Filter>Header Files</Filter>
    </ClInclude>
    <ClInclude Include="Resources\Resources.h">
      <Filter>Header Files</Filter>
    </ClInclude>
    <ClInclude Include="Resources\Images\Gooby.h">
      <Filter>Header Files</Filter>
    </ClInclude>
    <ClInclude Include="Windows\Dialogs\MeasurementDialogs\ViewMeasurementDialog\ViewMeasurementDialog.h">
      <Filter>Header Files</Filter>
    </ClInclude>
    <ClInclude Include="Tools\Software\Libraries\ImPlot\implot.h">
      <Filter>Header Files</Filter>
    </ClInclude>
    <ClInclude Include="Tools\Software\Libraries\ImPlot\implot_internal.h">
      <Filter>Header Files</Filter>
    </ClInclude>
    <ClInclude Include="Tools\Software\Libraries\RapidCSV\rapidcsv.h">
      <Filter>Header Files</Filter>
    </ClInclude>
    <ClInclude Include="Tools\Software\Libraries\Libraries.h">
      <Filter>Header Files</Filter>
    </ClInclude>
    <ClInclude Include="Tools\Software\Libraries\ImGui\imconfig.h">
      <Filter>Header Files</Filter>
    </ClInclude>
    <ClInclude Include="Tools\Software\Libraries\ImGui\imgui.h">
      <Filter>Header Files</Filter>
    </ClInclude>
    <ClInclude Include="Tools\Software\Libraries\ImGui\imgui_internal.h">
      <Filter>Header Files</Filter>
    </ClInclude>
    <ClInclude Include="Tools\Software\Libraries\ImGui\imstb_rectpack.h">
      <Filter>Header Files</Filter>
    </ClInclude>
    <ClInclude Include="Tools\Software\Libraries\ImGui\imstb_textedit.h">
      <Filter>Header Files</Filter>
    </ClInclude>
    <ClInclude Include="Tools\Software\Libraries\ImGui\imstb_truetype.h">
      <Filter>Header Files</Filter>
    </ClInclude>
    <ClInclude Include="Tools\Software\Libraries\ImGui\backends\imgui_impl_sdl2.h">
      <Filter>Header Files</Filter>
    </ClInclude>
    <ClInclude Include="Tools\Software\Libraries\ImGui\backends\imgui_impl_opengl3_loader.h">
      <Filter>Header Files</Filter>
    </ClInclude>
    <ClInclude Include="Tools\Software\Libraries\ImGui\backends\imgui_impl_opengl3.h">
      <Filter>Header Files</Filter>
    </ClInclude>
    <ClInclude Include="Tools\Hardware\Network\Network.h">
      <Filter>Header Files</Filter>
    </ClInclude>
    <ClInclude Include="Tools\Hardware\Network\Protocols\ModbusTCP\ModbusTCP.h">
      <Filter>Header Files</Filter>
    </ClInclude>
    <ClInclude Include="Tools\Hardware\Network\Protocols\Protocols.h">
      <Filter>Header Files</Filter>
    </ClInclude>
    <ClInclude Include="Windows\Dialogs\ConnectionDialogs\NetworkConnectionDialog\NetworkConnectionDialog.h">
      <Filter>Header Files</Filter>
    </ClInclude>
    <ClInclude Include="Tools\Communications\Devices\STM32PLC\STM32PLC.h">
      <Filter>Header Files</Filter>
    </ClInclude>
    <ClInclude Include="Tools\Communications\Devices\ADL400\ADL400.h">
      <Filter>Header Files</Filter>
    </ClInclude>
  </ItemGroup>
  <ItemGroup>
    <None Include="parameters.dat" />
    <None Include="imgui.ini" />
  </ItemGroup>
  <ItemGroup>
    <Image Include="Resources\Images\Gooby.ico">
      <Filter>Resource Files</Filter>
    </Image>
    <Image Include="Resources\Images\Gooby.png">
      <Filter>Resource Files</Filter>
    </Image>
  </ItemGroup>
  <ItemGroup>
    <ResourceCompile Include="Resources\Images\Images.rc">
      <Filter>Resource Files</Filter>
    </ResourceCompile>
  </ItemGroup>
</Project>