<?xml version="1.0" encoding="utf-8"?>
<Project ToolsVersion="4.0" xmlns="http://schemas.microsoft.com/developer/msbuild/2003">
  <ItemGroup>
    <Filter Include="Source Files">
      <UniqueIdentifier>{4FC737F1-C7A5-4376-A066-2A32D752A2FF}</UniqueIdentifier>
      <Extensions>cpp;c;cc;cxx;c++;cppm;ixx;def;odl;idl;hpj;bat;asm;asmx</Extensions>
    </Filter>
    <Filter Include="Header Files">
      <UniqueIdentifier>{93995380-89BD-4b04-88EB-625FBE52EBFB}</UniqueIdentifier>
      <Extensions>h;hh;hpp;hxx;h++;hm;inl;inc;ipp;xsd</Extensions>
    </Filter>
    <Filter Include="Resource Files">
      <UniqueIdentifier>{67DA6AB6-F800-4c08-8B7A-83BB121AAD01}</UniqueIdentifier>
      <Extensions>rc;ico;cur;bmp;dlg;rc2;rct;bin;rgs;gif;jpg;jpeg;jpe;resx;tiff;tif;png;wav;mfcribbon-ms</Extensions>
    </Filter>
  </ItemGroup>
  <ItemGroup>
    <ClCompile Include="GoobySoft.cpp">
      <Filter>Source Files</Filter>
    </ClCompile>
    <ClCompile Include="Tools\Software\Libraries\ImGuiFileDialog\ImGuiFileDialog.cpp">
      <Filter>Source Files</Filter>
    </ClCompile>
    <ClCompile Include="Tools\Gui\CreateDialogs\CreateDialogs.cpp">
      <Filter>Source Files</Filter>
    </ClCompile>
    <ClCompile Include="Tools\Gui\CreateItems\CreateItems.cpp">
      <Filter>Source Files</Filter>
    </ClCompile>
    <ClCompile Include="Tools\Hardware\FileSystem\FileSystem.cpp">
      <Filter>Source Files</Filter>
    </ClCompile>
    <ClCompile Include="Tools\Hardware\USB\Protocols\CDC\CDC.cpp">
      <Filter>Source Files</Filter>
    </ClCompile>
    <ClCompile Include="Tools\Hardware\USB\Protocols\ModbusRTU\ModbusRTU.cpp">
      <Filter>Source Files</Filter>
    </ClCompile>
    <ClCompile Include="Tools\Hardware\USB\USB.cpp">
      <Filter>Source Files</Filter>
    </ClCompile>
    <ClCompile Include="Tools\Software\Algorithms\Algorithms.cpp">
      <Filter>Source Files</Filter>
    </ClCompile>
    <ClCompile Include="Tools\Storage\Databases\MySQL\MySQL.cpp">
      <Filter>Source Files</Filter>
    </ClCompile>
    <ClCompile Include="Tools\Storage\Databases\Databases.cpp">
      <Filter>Source Files</Filter>
    </ClCompile>
    <ClCompile Include="Tools\Storage\Parameters\Parameters.cpp">
      <Filter>Source Files</Filter>
    </ClCompile>
    <ClCompile Include="Windows\Dialogs\ConnectionDialogs\DatabaseConnectionDialog\DatabaseConnectionDialog.cpp">
      <Filter>Source Files</Filter>
    </ClCompile>
    <ClCompile Include="Windows\Dialogs\ConnectionDialogs\USBConnectionDialog\USBConnectionDialog.cpp">
      <Filter>Source Files</Filter>
    </ClCompile>
    <ClCompile Include="Windows\Dialogs\FileDialogs\LogFilePathDialog\LogFilePathDialog.cpp">
      <Filter>Source Files</Filter>
    </ClCompile>
    <ClCompile Include="Windows\Dialogs\MeasurementDialogs\ConfigureMeasurementDialog\ConfigureMeasurementDialog.cpp">
      <Filter>Source Files</Filter>
    </ClCompile>
    <ClCompile Include="Windows\Dialogs\MeasurementDialogs\CreateMeasurementDialog\CreateMeasurementDialog.cpp">
      <Filter>Source Files</Filter>
    </ClCompile>
    <ClCompile Include="Windows\Windows.cpp">
      <Filter>Source Files</Filter>
    </ClCompile>
    <ClCompile Include="Windows\Dialogs\MeasurementDialogs\ViewMeasurementDialog\ViewMeasurementDialog.cpp">
      <Filter>Source Files</Filter>
    </ClCompile>
    <ClCompile Include="Tools\Software\Libraries\ImPlot\implot.cpp">
      <Filter>Source Files</Filter>
    </ClCompile>
    <ClCompile Include="Tools\Software\Libraries\ImPlot\implot_items.cpp">
      <Filter>Source Files</Filter>
    </ClCompile>
    <ClCompile Include="Tools\Software\Libraries\ImGui\imgui.cpp">
      <Filter>Source Files</Filter>
    </ClCompile>
    <ClCompile Include="Tools\Software\Libraries\ImGui\imgui_draw.cpp">
      <Filter>Source Files</Filter>
    </ClCompile>
    <ClCompile Include="Tools\Software\Libraries\ImGui\imgui_tables.cpp">
      <Filter>Source Files</Filter>
    </ClCompile>
    <ClCompile Include="Tools\Software\Libraries\ImGui\imgui_widgets.cpp">
      <Filter>Source Files</Filter>
    </ClCompile>
    <ClCompile Include="Tools\Software\Libraries\ImGui\backends\imgui_impl_sdl2.cpp">
      <Filter>Source Files</Filter>
    </ClCompile>
    <ClCompile Include="Tools\Software\Libraries\ImGui\backends\imgui_impl_opengl3.cpp">
      <Filter>Source Files</Filter>
    </ClCompile>
    <ClCompile Include="Tools\Communications\Devices\Devices.cpp">
      <Filter>Source Files</Filter>
    </ClCompile>
    <ClCompile Include="Tools\Hardware\Network\Protocols\ModbusTCP\ModbusTCP.cpp">
      <Filter>Source Files</Filter>
    </ClCompile>
    <ClCompile Include="Windows\Dialogs\ConnectionDialogs\NetworkConnectionDialog\NetworkConnectionDialog.cpp">
      <Filter>Source Files</Filter>
    </ClCompile>
    <ClCompile Include="Tools\Hardware\Network\Network.cpp">
      <Filter>Source Files</Filter>
    </ClCompile>
    <ClCompile Include="Tools\Communications\Devices\STM32PLC\STM32PLC.cpp">
      <Filter>Source Files</Filter>
    </ClCompile>
    <ClCompile Include="Tools\Communications\Devices\ADL400\ADL400.cpp">
      <Filter>Source Files</Filter>
    </ClCompile>
    <ClCompile Include="Tools\Hardware\USB\Protocols\OpenSAEJ1939\Hardware\CAN_Transmit_Receive.c">
      <Filter>Source Files</Filter>
    </ClCompile>
    <ClCompile Include="Tools\Hardware\USB\Protocols\OpenSAEJ1939\Hardware\FLASH_EEPROM_RAM_Memory.c">
      <Filter>Source Files</Filter>
    </ClCompile>
    <ClCompile Include="Tools\Hardware\USB\Protocols\OpenSAEJ1939\Hardware\Save_Load_Struct.c">
      <Filter>Source Files</Filter>
    </ClCompile>
    <ClCompile Include="Tools\Hardware\USB\Protocols\OpenSAEJ1939\ISO_11783\ISO_11783-7_Application_Layer\Auxiliary_Valve_Command.c">
      <Filter>Source Files</Filter>
    </ClCompile>
    <ClCompile Include="Tools\Hardware\USB\Protocols\OpenSAEJ1939\ISO_11783\ISO_11783-7_Application_Layer\Auxiliary_Valve_Estimated_Flow.c">
      <Filter>Source Files</Filter>
    </ClCompile>
    <ClCompile Include="Tools\Hardware\USB\Protocols\OpenSAEJ1939\ISO_11783\ISO_11783-7_Application_Layer\Auxiliary_Valve_Measured_Position.c">
      <Filter>Source Files</Filter>
    </ClCompile>
    <ClCompile Include="Tools\Hardware\USB\Protocols\OpenSAEJ1939\ISO_11783\ISO_11783-7_Application_Layer\General_Purpose_Valve_Command.c">
      <Filter>Source Files</Filter>
    </ClCompile>
    <ClCompile Include="Tools\Hardware\USB\Protocols\OpenSAEJ1939\ISO_11783\ISO_11783-7_Application_Layer\General_Purpose_Valve_Estimated_Flow.c">
      <Filter>Source Files</Filter>
    </ClCompile>
    <ClCompile Include="Tools\Hardware\USB\Protocols\OpenSAEJ1939\Open_SAE_J1939\Listen_For_Messages.c">
      <Filter>Source Files</Filter>
    </ClCompile>
    <ClCompile Include="Tools\Hardware\USB\Protocols\OpenSAEJ1939\Open_SAE_J1939\Startup_ECU.c">
      <Filter>Source Files</Filter>
    </ClCompile>
    <ClCompile Include="Tools\Hardware\USB\Protocols\OpenSAEJ1939\SAE_J1939\SAE_J1939-21_Transport_Layer\Acknowledgement.c">
      <Filter>Source Files</Filter>
    </ClCompile>
    <ClCompile Include="Tools\Hardware\USB\Protocols\OpenSAEJ1939\SAE_J1939\SAE_J1939-21_Transport_Layer\Request.c">
      <Filter>Source Files</Filter>
    </ClCompile>
    <ClCompile Include="Tools\Hardware\USB\Protocols\OpenSAEJ1939\SAE_J1939\SAE_J1939-21_Transport_Layer\Transport_Protocol_Connection_Management.c">
      <Filter>Source Files</Filter>
    </ClCompile>
    <ClCompile Include="Tools\Hardware\USB\Protocols\OpenSAEJ1939\SAE_J1939\SAE_J1939-21_Transport_Layer\Transport_Protocol_Data_Transfer.c">
      <Filter>Source Files</Filter>
    </ClCompile>
    <ClCompile Include="Tools\Hardware\USB\Protocols\OpenSAEJ1939\SAE_J1939\SAE_J1939-71_Application_Layer\Request_Component_Identification.c">
      <Filter>Source Files</Filter>
    </ClCompile>
    <ClCompile Include="Tools\Hardware\USB\Protocols\OpenSAEJ1939\SAE_J1939\SAE_J1939-71_Application_Layer\Request_ECU_Identification.c">
      <Filter>Source Files</Filter>
    </ClCompile>
    <ClCompile Include="Tools\Hardware\USB\Protocols\OpenSAEJ1939\SAE_J1939\SAE_J1939-71_Application_Layer\Request_Software_Identification.c">
      <Filter>Source Files</Filter>
    </ClCompile>
    <ClCompile Include="Tools\Hardware\USB\Protocols\OpenSAEJ1939\SAE_J1939\SAE_J1939-73_Diagnostics_Layer\DM1.c">
      <Filter>Source Files</Filter>
    </ClCompile>
    <ClCompile Include="Tools\Hardware\USB\Protocols\OpenSAEJ1939\SAE_J1939\SAE_J1939-73_Diagnostics_Layer\DM2.c">
      <Filter>Source Files</Filter>
    </ClCompile>
    <ClCompile Include="Tools\Hardware\USB\Protocols\OpenSAEJ1939\SAE_J1939\SAE_J1939-73_Diagnostics_Layer\DM3.c">
      <Filter>Source Files</Filter>
    </ClCompile>
    <ClCompile Include="Tools\Hardware\USB\Protocols\OpenSAEJ1939\SAE_J1939\SAE_J1939-73_Diagnostics_Layer\DM14.c">
      <Filter>Source Files</Filter>
    </ClCompile>
    <ClCompile Include="Tools\Hardware\USB\Protocols\OpenSAEJ1939\SAE_J1939\SAE_J1939-73_Diagnostics_Layer\DM15.c">
      <Filter>Source Files</Filter>
    </ClCompile>
    <ClCompile Include="Tools\Hardware\USB\Protocols\OpenSAEJ1939\SAE_J1939\SAE_J1939-73_Diagnostics_Layer\DM16.c">
      <Filter>Source Files</Filter>
    </ClCompile>
    <ClCompile Include="Tools\Hardware\USB\Protocols\OpenSAEJ1939\SAE_J1939\SAE_J1939-81_Network_Management_Layer\Address_Claimed.c">
      <Filter>Source Files</Filter>
    </ClCompile>
    <ClCompile Include="Tools\Hardware\USB\Protocols\OpenSAEJ1939\SAE_J1939\SAE_J1939-81_Network_Management_Layer\Address_Delete.c">
      <Filter>Source Files</Filter>
    </ClCompile>
    <ClCompile Include="Tools\Hardware\USB\Protocols\OpenSAEJ1939\SAE_J1939\SAE_J1939-81_Network_Management_Layer\Address_Not_Claimed.c">
      <Filter>Source Files</Filter>
    </ClCompile>
    <ClCompile Include="Tools\Hardware\USB\Protocols\OpenSAEJ1939\SAE_J1939\SAE_J1939-81_Network_Management_Layer\Commanded_Address.c">
      <Filter>Source Files</Filter>
    </ClCompile>
    <ClCompile Include="Tools\Hardware\USB\Protocols\OpenSAEJ1939\OpenSAEJ1939.cpp">
      <Filter>Source Files</Filter>
    </ClCompile>
    <ClCompile Include="Windows\Dialogs\ConfigurationDialogs\ConfigurationSAEJ1939\ConfigureIdentificationsDialog\ConfigureIdentificationsDialog.cpp">
      <Filter>Source Files</Filter>
    </ClCompile>
    <ClCompile Include="Tools\Hardware\USB\Protocols\OpenSAEJ1939\Open_SAE_J1939\Closedown_ECU.c">
      <Filter>Source Files</Filter>
    </ClCompile>
    <ClCompile Include="Windows\Dialogs\ConfigurationDialogs\ConfigurationSAEJ1939\ConfigureDiagnosticMessageDialog\ConfigureDiagnosticMessageDialog.cpp">
      <Filter>Source Files</Filter>
    </ClCompile>
    <ClCompile Include="Windows\Dialogs\ConfigurationDialogs\ConfigurationSAEJ1939\ConfigureNameDialog\ConfigureNameDialog.cpp">
      <Filter>Source Files</Filter>
    </ClCompile>
    <ClCompile Include="Windows\Dialogs\ConfigurationDialogs\ConfigurationSTM32PLC\ConfigureAnalogInputDialog\ConfigureAnalogInputDialog.cpp">
      <Filter>Source Files</Filter>
    </ClCompile>
    <ClCompile Include="Windows\Dialogs\ConfigurationDialogs\ConfigurationSTM32PLC\ConfigureDateTimeDialog\ConfigureDateTimeDialog.cpp">
      <Filter>Source Files</Filter>
    </ClCompile>
    <ClCompile Include="Windows\Dialogs\ConfigurationDialogs\ConfigurationSTM32PLC\ConfigurePWMDialog\ConfigurePWMDialog.cpp">
      <Filter>Source Files</Filter>
    </ClCompile>
    <ClCompile Include="Windows\Dialogs\AnalyzeDialogs\CANTrafficDialog\CANTrafficDialog.cpp">
      <Filter>Source Files</Filter>
    </ClCompile>
    <ClCompile Include="Tools\Software\Libraries\CControl\Sources\ArtificialIntelligence\Astar.c">
      <Filter>Source Files</Filter>
    </ClCompile>
    <ClCompile Include="Tools\Software\Libraries\CControl\Sources\ArtificialIntelligence\inpolygon.c">
      <Filter>Source Files</Filter>
    </ClCompile>
    <ClCompile Include="Tools\Software\Libraries\CControl\Sources\ControlEngineering\c2d.c">
      <Filter>Source Files</Filter>
    </ClCompile>
    <ClCompile Include="Tools\Software\Libraries\CControl\Sources\ControlEngineering\kalman.c">
      <Filter>Source Files</Filter>
    </ClCompile>
    <ClCompile Include="Tools\Software\Libraries\CControl\Sources\ControlEngineering\lqi.c">
      <Filter>Source Files</Filter>
    </ClCompile>
    <ClCompile Include="Tools\Software\Libraries\CControl\Sources\ControlEngineering\mpc.c">
      <Filter>Source Files</Filter>
    </ClCompile>
    <ClCompile Include="Tools\Software\Libraries\CControl\Sources\ControlEngineering\mrac.c">
      <Filter>Source Files</Filter>
    </ClCompile>
    <ClCompile Include="Tools\Software\Libraries\CControl\Sources\ControlEngineering\stability.c">
      <Filter>Source Files</Filter>
    </ClCompile>
    <ClCompile Include="Tools\Software\Libraries\CControl\Sources\ControlEngineering\theta2ss.c">
      <Filter>Source Files</Filter>
    </ClCompile>
    <ClCompile Include="Tools\Software\Libraries\CControl\Sources\Hardware\concatenate_paths.c">
      <Filter>Source Files</Filter>
    </ClCompile>
    <ClCompile Include="Tools\Software\Libraries\CControl\Sources\Hardware\count_sub_folders.c">
      <Filter>Source Files</Filter>
    </ClCompile>
    <ClCompile Include="Tools\Software\Libraries\CControl\Sources\Hardware\scan_file_names.c">
      <Filter>Source Files</Filter>
    </ClCompile>
    <ClCompile Include="Tools\Software\Libraries\CControl\Sources\Hardware\scan_sub_folder_names.c">
      <Filter>Source Files</Filter>
    </ClCompile>
    <ClCompile Include="Tools\Software\Libraries\CControl\Sources\ImageProcessing\imfree.c">
      <Filter>Source Files</Filter>
    </ClCompile>
    <ClCompile Include="Tools\Software\Libraries\CControl\Sources\ImageProcessing\imgaussfilt.c">
      <Filter>Source Files</Filter>
    </ClCompile>
    <ClCompile Include="Tools\Software\Libraries\CControl\Sources\ImageProcessing\imread.c">
      <Filter>Source Files</Filter>
    </ClCompile>
    <ClCompile Include="Tools\Software\Libraries\CControl\Sources\ImageProcessing\imresize.c">
      <Filter>Source Files</Filter>
    </ClCompile>
    <ClCompile Include="Tools\Software\Libraries\CControl\Sources\ImageProcessing\imshow.c">
      <Filter>Source Files</Filter>
    </ClCompile>
    <ClCompile Include="Tools\Software\Libraries\CControl\Sources\ImageProcessing\pooling.c">
      <Filter>Source Files</Filter>
    </ClCompile>
    <ClCompile Include="Tools\Software\Libraries\CControl\Sources\ImageProcessing\rpca.c">
      <Filter>Source Files</Filter>
    </ClCompile>
    <ClCompile Include="Tools\Software\Libraries\CControl\Sources\ImageProcessing\sobel.c">
      <Filter>Source Files</Filter>
    </ClCompile>
    <ClCompile Include="Tools\Software\Libraries\CControl\Sources\LinearAlgebra\balance.c">
      <Filter>Source Files</Filter>
    </ClCompile>
    <ClCompile Include="Tools\Software\Libraries\CControl\Sources\LinearAlgebra\chol.c">
      <Filter>Source Files</Filter>
    </ClCompile>
    <ClCompile Include="Tools\Software\Libraries\CControl\Sources\LinearAlgebra\cholupdate.c">
      <Filter>Source Files</Filter>
    </ClCompile>
    <ClCompile Include="Tools\Software\Libraries\CControl\Sources\LinearAlgebra\conv2fft.c">
      <Filter>Source Files</Filter>
    </ClCompile>
    <ClCompile Include="Tools\Software\Libraries\CControl\Sources\LinearAlgebra\det.c">
      <Filter>Source Files</Filter>
    </ClCompile>
    <ClCompile Include="Tools\Software\Libraries\CControl\Sources\LinearAlgebra\dlyap.c">
      <Filter>Source Files</Filter>
    </ClCompile>
    <ClCompile Include="Tools\Software\Libraries\CControl\Sources\LinearAlgebra\dot.c">
      <Filter>Source Files</Filter>
    </ClCompile>
    <ClCompile Include="Tools\Software\Libraries\CControl\Sources\LinearAlgebra\eig.c">
      <Filter>Source Files</Filter>
    </ClCompile>
    <ClCompile Include="Tools\Software\Libraries\CControl\Sources\LinearAlgebra\eig_generalized.c">
      <Filter>Source Files</Filter>
    </ClCompile>
    <ClCompile Include="Tools\Software\Libraries\CControl\Sources\LinearAlgebra\expm.c">
      <Filter>Source Files</Filter>
    </ClCompile>
    <ClCompile Include="Tools\Software\Libraries\CControl\Sources\LinearAlgebra\hankel.c">
      <Filter>Source Files</Filter>
    </ClCompile>
    <ClCompile Include="Tools\Software\Libraries\CControl\Sources\LinearAlgebra\inv.c">
      <Filter>Source Files</Filter>
    </ClCompile>
    <ClCompile Include="Tools\Software\Libraries\CControl\Sources\LinearAlgebra\linsolve_chol.c">
      <Filter>Source Files</Filter>
    </ClCompile>
    <ClCompile Include="Tools\Software\Libraries\CControl\Sources\LinearAlgebra\linsolve_gauss.c">
      <Filter>Source Files</Filter>
    </ClCompile>
    <ClCompile Include="Tools\Software\Libraries\CControl\Sources\LinearAlgebra\linsolve_lower_triangular.c">
      <Filter>Source Files</Filter>
    </ClCompile>
    <ClCompile Include="Tools\Software\Libraries\CControl\Sources\LinearAlgebra\linsolve_lup.c">
      <Filter>Source Files</Filter>
    </ClCompile>
    <ClCompile Include="Tools\Software\Libraries\CControl\Sources\LinearAlgebra\linsolve_qr.c">
      <Filter>Source Files</Filter>
    </ClCompile>
    <ClCompile Include="Tools\Software\Libraries\CControl\Sources\LinearAlgebra\linsolve_upper_triangular.c">
      <Filter>Source Files</Filter>
    </ClCompile>
    <ClCompile Include="Tools\Software\Libraries\CControl\Sources\LinearAlgebra\lup.c">
      <Filter>Source Files</Filter>
    </ClCompile>
    <ClCompile Include="Tools\Software\Libraries\CControl\Sources\LinearAlgebra\mul.c">
      <Filter>Source Files</Filter>
    </ClCompile>
    <ClCompile Include="Tools\Software\Libraries\CControl\Sources\LinearAlgebra\nonlinsolve.c">
      <Filter>Source Files</Filter>
    </ClCompile>
    <ClCompile Include="Tools\Software\Libraries\CControl\Sources\LinearAlgebra\norm.c">
      <Filter>Source Files</Filter>
    </ClCompile>
    <ClCompile Include="Tools\Software\Libraries\CControl\Sources\LinearAlgebra\pinv.c">
      <Filter>Source Files</Filter>
    </ClCompile>
    <ClCompile Include="Tools\Software\Libraries\CControl\Sources\LinearAlgebra\qr.c">
      <Filter>Source Files</Filter>
    </ClCompile>
    <ClCompile Include="Tools\Software\Libraries\CControl\Sources\LinearAlgebra\rank.c">
      <Filter>Source Files</Filter>
    </ClCompile>
    <ClCompile Include="Tools\Software\Libraries\CControl\Sources\LinearAlgebra\svd.c">
      <Filter>Source Files</Filter>
    </ClCompile>
    <ClCompile Include="Tools\Software\Libraries\CControl\Sources\LinearAlgebra\tran.c">
      <Filter>Source Files</Filter>
    </ClCompile>
    <ClCompile Include="Tools\Software\Libraries\CControl\Sources\MachineLearning\dbscan.c">
      <Filter>Source Files</Filter>
    </ClCompile>
    <ClCompile Include="Tools\Software\Libraries\CControl\Sources\MachineLearning\fisherfaces.c">
      <Filter>Source Files</Filter>
    </ClCompile>
    <ClCompile Include="Tools\Software\Libraries\CControl\Sources\MachineLearning\kernel.c">
      <Filter>Source Files</Filter>
    </ClCompile>
    <ClCompile Include="Tools\Software\Libraries\CControl\Sources\MachineLearning\kpca.c">
      <Filter>Source Files</Filter>
    </ClCompile>
    <ClCompile Include="Tools\Software\Libraries\CControl\Sources\MachineLearning\lbp.c">
      <Filter>Source Files</Filter>
    </ClCompile>
    <ClCompile Include="Tools\Software\Libraries\CControl\Sources\MachineLearning\nn.c">
      <Filter>Source Files</Filter>
    </ClCompile>
    <ClCompile Include="Tools\Software\Libraries\CControl\Sources\MachineLearning\svm.c">
      <Filter>Source Files</Filter>
    </ClCompile>
    <ClCompile Include="Tools\Software\Libraries\CControl\Sources\Miscellaneous\cat.c">
      <Filter>Source Files</Filter>
    </ClCompile>
    <ClCompile Include="Tools\Software\Libraries\CControl\Sources\Miscellaneous\cut.c">
      <Filter>Source Files</Filter>
    </ClCompile>
    <ClCompile Include="Tools\Software\Libraries\CControl\Sources\Miscellaneous\deg2rad.c">
      <Filter>Source Files</Filter>
    </ClCompile>
    <ClCompile Include="Tools\Software\Libraries\CControl\Sources\Miscellaneous\find.c">
      <Filter>Source Files</Filter>
    </ClCompile>
    <ClCompile Include="Tools\Software\Libraries\CControl\Sources\Miscellaneous\insert.c">
      <Filter>Source Files</Filter>
    </ClCompile>
    <ClCompile Include="Tools\Software\Libraries\CControl\Sources\Miscellaneous\issymmetric.c">
      <Filter>Source Files</Filter>
    </ClCompile>
    <ClCompile Include="Tools\Software\Libraries\CControl\Sources\Miscellaneous\pdist2.c">
      <Filter>Source Files</Filter>
    </ClCompile>
    <ClCompile Include="Tools\Software\Libraries\CControl\Sources\Miscellaneous\print.c">
      <Filter>Source Files</Filter>
    </ClCompile>
    <ClCompile Include="Tools\Software\Libraries\CControl\Sources\Miscellaneous\rad2deg.c">
      <Filter>Source Files</Filter>
    </ClCompile>
    <ClCompile Include="Tools\Software\Libraries\CControl\Sources\Miscellaneous\saturation.c">
      <Filter>Source Files</Filter>
    </ClCompile>
    <ClCompile Include="Tools\Software\Libraries\CControl\Sources\Miscellaneous\sign.c">
      <Filter>Source Files</Filter>
    </ClCompile>
    <ClCompile Include="Tools\Software\Libraries\CControl\Sources\Miscellaneous\sort.c">
      <Filter>Source Files</Filter>
    </ClCompile>
    <ClCompile Include="Tools\Software\Libraries\CControl\Sources\Miscellaneous\sum.c">
      <Filter>Source Files</Filter>
    </ClCompile>
    <ClCompile Include="Tools\Software\Libraries\CControl\Sources\Miscellaneous\vmax.c">
      <Filter>Source Files</Filter>
    </ClCompile>
    <ClCompile Include="Tools\Software\Libraries\CControl\Sources\Miscellaneous\vmin.c">
      <Filter>Source Files</Filter>
    </ClCompile>
    <ClCompile Include="Tools\Software\Libraries\CControl\Sources\Optimization\linprog.c">
      <Filter>Source Files</Filter>
    </ClCompile>
    <ClCompile Include="Tools\Software\Libraries\CControl\Sources\Optimization\lsqnonneg.c">
      <Filter>Source Files</Filter>
    </ClCompile>
    <ClCompile Include="Tools\Software\Libraries\CControl\Sources\Optimization\quadprog.c">
      <Filter>Source Files</Filter>
    </ClCompile>
    <ClCompile Include="Tools\Software\Libraries\CControl\Sources\SignalProcessing\FFTpack\fftpack.c">
      <Filter>Source Files</Filter>
    </ClCompile>
    <ClCompile Include="Tools\Software\Libraries\CControl\Sources\SignalProcessing\fft.c">
      <Filter>Source Files</Filter>
    </ClCompile>
    <ClCompile Include="Tools\Software\Libraries\CControl\Sources\SignalProcessing\fft2.c">
      <Filter>Source Files</Filter>
    </ClCompile>
    <ClCompile Include="Tools\Software\Libraries\CControl\Sources\SignalProcessing\fftshift.c">
      <Filter>Source Files</Filter>
    </ClCompile>
    <ClCompile Include="Tools\Software\Libraries\CControl\Sources\SignalProcessing\filtfilt.c">
      <Filter>Source Files</Filter>
    </ClCompile>
    <ClCompile Include="Tools\Software\Libraries\CControl\Sources\SignalProcessing\ifft.c">
      <Filter>Source Files</Filter>
    </ClCompile>
    <ClCompile Include="Tools\Software\Libraries\CControl\Sources\SignalProcessing\ifft2.c">
      <Filter>Source Files</Filter>
    </ClCompile>
    <ClCompile Include="Tools\Software\Libraries\CControl\Sources\SignalProcessing\ifftshift.c">
      <Filter>Source Files</Filter>
    </ClCompile>
    <ClCompile Include="Tools\Software\Libraries\CControl\Sources\SignalProcessing\pf.c">
      <Filter>Source Files</Filter>
    </ClCompile>
    <ClCompile Include="Tools\Software\Libraries\CControl\Sources\SignalProcessing\sr_ukf_state_estimation.c">
      <Filter>Source Files</Filter>
    </ClCompile>
    <ClCompile Include="Tools\Software\Libraries\CControl\Sources\Statistics\amax.c">
      <Filter>Source Files</Filter>
    </ClCompile>
    <ClCompile Include="Tools\Software\Libraries\CControl\Sources\Statistics\center.c">
      <Filter>Source Files</Filter>
    </ClCompile>
    <ClCompile Include="Tools\Software\Libraries\CControl\Sources\Statistics\cov.c">
      <Filter>Source Files</Filter>
    </ClCompile>
    <ClCompile Include="Tools\Software\Libraries\CControl\Sources\Statistics\covm.c">
      <Filter>Source Files</Filter>
    </ClCompile>
    <ClCompile Include="Tools\Software\Libraries\CControl\Sources\Statistics\lda.c">
      <Filter>Source Files</Filter>
    </ClCompile>
    <ClCompile Include="Tools\Software\Libraries\CControl\Sources\Statistics\mean.c">
      <Filter>Source Files</Filter>
    </ClCompile>
    <ClCompile Include="Tools\Software\Libraries\CControl\Sources\Statistics\pca.c">
      <Filter>Source Files</Filter>
    </ClCompile>
    <ClCompile Include="Tools\Software\Libraries\CControl\Sources\Statistics\randn.c">
      <Filter>Source Files</Filter>
    </ClCompile>
    <ClCompile Include="Tools\Software\Libraries\CControl\Sources\Statistics\randperm.c">
      <Filter>Source Files</Filter>
    </ClCompile>
    <ClCompile Include="Tools\Software\Libraries\CControl\Sources\Statistics\stddev.c">
      <Filter>Source Files</Filter>
    </ClCompile>
    <ClCompile Include="Tools\Software\Libraries\CControl\Sources\Statistics\var.c">
      <Filter>Source Files</Filter>
    </ClCompile>
    <ClCompile Include="Tools\Software\Libraries\CControl\Sources\SystemIdentification\era.c">
      <Filter>Source Files</Filter>
    </ClCompile>
    <ClCompile Include="Tools\Software\Libraries\CControl\Sources\SystemIdentification\okid.c">
      <Filter>Source Files</Filter>
    </ClCompile>
    <ClCompile Include="Tools\Software\Libraries\CControl\Sources\SystemIdentification\rls.c">
      <Filter>Source Files</Filter>
    </ClCompile>
    <ClCompile Include="Tools\Software\Libraries\CControl\Sources\SystemIdentification\sr_ukf_parameter_estimation.c">
      <Filter>Source Files</Filter>
    </ClCompile>
    <ClCompile Include="Windows\Dialogs\UtilDialogs\ImageDialogs\FisherFacesDialog\FisherFacesDialog.cpp">
      <Filter>Source Files</Filter>
    </ClCompile>
    <ClCompile Include="Windows\Dialogs\UtilDialogs\ImageDialogs\LandmarkDialog\LandmarkDialog.cpp">
      <Filter>Source Files</Filter>
    </ClCompile>
    <ClCompile Include="Tools\Software\Libraries\CControl\Sources\MachineLearning\kmeans.c">
      <Filter>Source Files</Filter>
    </ClCompile>
    <ClCompile Include="Tools\Software\Libraries\CControl\Sources\Statistics\area.c">
      <Filter>Source Files</Filter>
    </ClCompile>
    <ClCompile Include="Tools\Software\Libraries\CControl\Sources\ImageProcessing\imcollect.c">
      <Filter>Source Files</Filter>
    </ClCompile>
    <ClCompile Include="Windows\Dialogs\UtilDialogs\ImageDialogs\CameraDialog\CameraDialog.cpp">
      <Filter>Source Files</Filter>
    </ClCompile>
    <ClCompile Include="Tools\Software\Libraries\CControl\Sources\Hardware\detectmemoryleak.c">
      <Filter>Source Files</Filter>
    </ClCompile>
    <ClCompile Include="Tools\Software\Libraries\CControl\Sources\Miscellaneous\popcount.c">
      <Filter>Source Files</Filter>
    </ClCompile>
    <ClCompile Include="Tools\Software\Libraries\CControl\Sources\MachineLearning\kpca_lda_nn.c">
      <Filter>Source Files</Filter>
    </ClCompile>
    <ClCompile Include="Tools\Software\Libraries\CControl\Sources\Miscellaneous\anglevector.c">
      <Filter>Source Files</Filter>
    </ClCompile>
    <ClCompile Include="Windows\Dialogs\UtilDialogs\DatabaseDialogs\GradesDialog\GradesDialog.cpp">
      <Filter>Source Files</Filter>
    </ClCompile>
    <ClCompile Include="Tools\Communications\Databases\ITHBetyg\ITHBetyg.cpp">
      <Filter>Source Files</Filter>
    </ClCompile>
    <ClCompile Include="Tools\Software\Libraries\CControl\Sources\ImageProcessing\cornerdetection.c">
      <Filter>Source Files</Filter>
    </ClCompile>
    <ClCompile Include="Tools\Software\Libraries\CControl\Sources\ImageProcessing\featuredetection.c">
      <Filter>Source Files</Filter>
    </ClCompile>
    <ClCompile Include="Tools\Software\Libraries\CControl\Sources\ImageProcessing\fspecial.c">
      <Filter>Source Files</Filter>
    </ClCompile>
    <ClCompile Include="Tools\Software\Libraries\CControl\Sources\ImageProcessing\generalizedhough.c">
      <Filter>Source Files</Filter>
    </ClCompile>
    <ClCompile Include="Tools\Software\Libraries\CControl\Sources\ImageProcessing\harris.c">
      <Filter>Source Files</Filter>
    </ClCompile>
    <ClCompile Include="Tools\Software\Libraries\CControl\Sources\ImageProcessing\hough.c">
      <Filter>Source Files</Filter>
    </ClCompile>
    <ClCompile Include="Tools\Software\Libraries\CControl\Sources\ImageProcessing\imwrite.c">
      <Filter>Source Files</Filter>
    </ClCompile>
    <ClCompile Include="Tools\Software\Libraries\CControl\Sources\ImageProcessing\intensitycentroid.c">
      <Filter>Source Files</Filter>
    </ClCompile>
    <ClCompile Include="Tools\Software\Libraries\CControl\Sources\ImageProcessing\landmarkdetection.c">
      <Filter>Source Files</Filter>
    </ClCompile>
    <ClCompile Include="Tools\Software\Libraries\CControl\Sources\ImageProcessing\shapedetection.c">
      <Filter>Source Files</Filter>
    </ClCompile>
    <ClCompile Include="Tools\Software\Libraries\CControl\Sources\LinearAlgebra\conv.c">
      <Filter>Source Files</Filter>
    </ClCompile>
    <ClCompile Include="Tools\Software\Libraries\CControl\Sources\LinearAlgebra\conv2.c">
      <Filter>Source Files</Filter>
    </ClCompile>
    <ClCompile Include="Tools\Software\Libraries\CControl\Sources\LinearAlgebra\convfft.c">
      <Filter>Source Files</Filter>
    </ClCompile>
    <ClCompile Include="Tools\Software\Libraries\CControl\Sources\Miscellaneous\float2uint.c">
      <Filter>Source Files</Filter>
    </ClCompile>
    <ClCompile Include="Tools\Software\Libraries\CControl\Sources\Miscellaneous\ind2sub.c">
      <Filter>Source Files</Filter>
    </ClCompile>
    <ClCompile Include="Tools\Software\Libraries\CControl\Sources\Miscellaneous\radianvector.c">
      <Filter>Source Files</Filter>
    </ClCompile>
    <ClCompile Include="Tools\Software\Libraries\CControl\Sources\Miscellaneous\rot2d.c">
      <Filter>Source Files</Filter>
    </ClCompile>
    <ClCompile Include="Tools\Software\Libraries\CControl\Sources\Miscellaneous\scalar.c">
      <Filter>Source Files</Filter>
    </ClCompile>
    <ClCompile Include="Tools\Software\Libraries\CControl\Sources\Miscellaneous\uint2float.c">
      <Filter>Source Files</Filter>
    </ClCompile>
    <ClCompile Include="Tools\Software\Libraries\CControl\Sources\Miscellaneous\unit.c">
      <Filter>Source Files</Filter>
    </ClCompile>
    <ClCompile Include="Tools\Software\Libraries\CControl\Sources\Statistics\amin.c">
      <Filter>Source Files</Filter>
    </ClCompile>
    <ClCompile Include="Tools\Software\Libraries\CControl\Sources\Statistics\centroid.c">
      <Filter>Source Files</Filter>
    </ClCompile>
    <ClCompile Include="Tools\Software\Libraries\CControl\Sources\Statistics\clusterratio.c">
      <Filter>Source Files</Filter>
    </ClCompile>
    <ClCompile Include="Tools\Software\Libraries\CControl\Sources\Statistics\clustersdistance.c">
      <Filter>Source Files</Filter>
    </ClCompile>
    <ClCompile Include="Tools\Software\Libraries\CControl\Sources\Statistics\normpdf.c">
      <Filter>Source Files</Filter>
    </ClCompile>
    <ClCompile Include="Tools\Software\Libraries\CControl\Sources\Statistics\opa.c">
      <Filter>Source Files</Filter>
    </ClCompile>
    <ClCompile Include="Tools\Software\Libraries\CControl\Sources\ImageProcessing\integralimage.c">
      <Filter>Source Files</Filter>
    </ClCompile>
    <ClCompile Include="Tools\Software\Libraries\CControl\Sources\Miscellaneous\cumsum.c">
      <Filter>Source Files</Filter>
    </ClCompile>
    <ClCompile Include="Tools\Software\Libraries\CControl\Sources\SignalProcessing\clusterfilter.c">
      <Filter>Source Files</Filter>
    </ClCompile>
    <ClCompile Include="Tools\Software\Libraries\CControl\Sources\MachineLearning\adaboost.c">
      <Filter>Source Files</Filter>
    </ClCompile>
    <ClCompile Include="Tools\Software\Libraries\CControl\Sources\Miscellaneous\normalize.c">
      <Filter>Source Files</Filter>
    </ClCompile>
    <ClCompile Include="Tools\Software\Libraries\CControl\Sources\Statistics\giniimpurity.c">
      <Filter>Source Files</Filter>
    </ClCompile>
    <ClCompile Include="Tools\Communications\Devices\Uponor-X-148\Uponor-X-148.cpp">
      <Filter>Source Files</Filter>
    </ClCompile>
  </ItemGroup>
  <ItemGroup>
    <ClInclude Include="Tools\Communications\Devices\Devices.h">
      <Filter>Header Files</Filter>
    </ClInclude>
    <ClInclude Include="Tools\Communications\Communications.h">
      <Filter>Header Files</Filter>
    </ClInclude>
    <ClInclude Include="Tools\Software\Libraries\ImGuiFileDialog\dirent\dirent.h">
      <Filter>Header Files</Filter>
    </ClInclude>
    <ClInclude Include="Tools\Software\Libraries\ImGuiFileDialog\stb\stb_image.h">
      <Filter>Header Files</Filter>
    </ClInclude>
    <ClInclude Include="Tools\Software\Libraries\ImGuiFileDialog\stb\stb_image_resize.h">
      <Filter>Header Files</Filter>
    </ClInclude>
    <ClInclude Include="Tools\Software\Libraries\ImGuiFileDialog\ImGuiFileDialog.h">
      <Filter>Header Files</Filter>
    </ClInclude>
    <ClInclude Include="Tools\Software\Libraries\ImGuiFileDialog\ImGuiFileDialogConfig.h">
      <Filter>Header Files</Filter>
    </ClInclude>
    <ClInclude Include="Tools\Gui\CreateDialogs\CreateDialogs.h">
      <Filter>Header Files</Filter>
    </ClInclude>
    <ClInclude Include="Tools\Gui\CreateItems\CreateItems.h">
      <Filter>Header Files</Filter>
    </ClInclude>
    <ClInclude Include="Tools\Gui\Gui.h">
      <Filter>Header Files</Filter>
    </ClInclude>
    <ClInclude Include="Tools\Hardware\FileSystem\FileSystem.h">
      <Filter>Header Files</Filter>
    </ClInclude>
    <ClInclude Include="Tools\Hardware\USB\Protocols\CDC\CDC.h">
      <Filter>Header Files</Filter>
    </ClInclude>
    <ClInclude Include="Tools\Hardware\USB\Protocols\ModbusRTU\ModbusRTU.h">
      <Filter>Header Files</Filter>
    </ClInclude>
    <ClInclude Include="Tools\Hardware\USB\Protocols\Protocols.h">
      <Filter>Header Files</Filter>
    </ClInclude>
    <ClInclude Include="Tools\Hardware\USB\USB.h">
      <Filter>Header Files</Filter>
    </ClInclude>
    <ClInclude Include="Tools\Hardware\Hardware.h">
      <Filter>Header Files</Filter>
    </ClInclude>
    <ClInclude Include="Tools\Software\Algorithms\Algorithms.h">
      <Filter>Header Files</Filter>
    </ClInclude>
    <ClInclude Include="Tools\Software\Software.h">
      <Filter>Header Files</Filter>
    </ClInclude>
    <ClInclude Include="Tools\Storage\Databases\MySQL\MySQL.h">
      <Filter>Header Files</Filter>
    </ClInclude>
    <ClInclude Include="Tools\Storage\Databases\Databases.h">
      <Filter>Header Files</Filter>
    </ClInclude>
    <ClInclude Include="Tools\Storage\Parameters\Parameters.h">
      <Filter>Header Files</Filter>
    </ClInclude>
    <ClInclude Include="Tools\Storage\Storage.h">
      <Filter>Header Files</Filter>
    </ClInclude>
    <ClInclude Include="Tools\Tools.h">
      <Filter>Header Files</Filter>
    </ClInclude>
    <ClInclude Include="Windows\Dialogs\ConnectionDialogs\DatabaseConnectionDialog\DatabaseConnectionDialog.h">
      <Filter>Header Files</Filter>
    </ClInclude>
    <ClInclude Include="Windows\Dialogs\ConnectionDialogs\USBConnectionDialog\USBConnectionDialog.h">
      <Filter>Header Files</Filter>
    </ClInclude>
    <ClInclude Include="Windows\Dialogs\ConnectionDialogs\ConnectionDialogs.h">
      <Filter>Header Files</Filter>
    </ClInclude>
    <ClInclude Include="Windows\Dialogs\FileDialogs\LogFilePathDialog\LogFilePathDialog.h">
      <Filter>Header Files</Filter>
    </ClInclude>
    <ClInclude Include="Windows\Dialogs\FileDialogs\FileDialogs.h">
      <Filter>Header Files</Filter>
    </ClInclude>
    <ClInclude Include="Windows\Dialogs\MeasurementDialogs\ConfigureMeasurementDialog\ConfigureMeasurementDialog.h">
      <Filter>Header Files</Filter>
    </ClInclude>
    <ClInclude Include="Windows\Dialogs\MeasurementDialogs\CreateMeasurementDialog\CreateMeasurementDialog.h">
      <Filter>Header Files</Filter>
    </ClInclude>
    <ClInclude Include="Windows\Dialogs\MeasurementDialogs\MeasurementDialogs.h">
      <Filter>Header Files</Filter>
    </ClInclude>
    <ClInclude Include="Windows\Dialogs\Dialogs.h">
      <Filter>Header Files</Filter>
    </ClInclude>
    <ClInclude Include="Windows\Windows.h">
      <Filter>Header Files</Filter>
    </ClInclude>
    <ClInclude Include="Resources\Images\resource1.h">
      <Filter>Header Files</Filter>
    </ClInclude>
    <ClInclude Include="Resources\Resources.h">
      <Filter>Header Files</Filter>
    </ClInclude>
    <ClInclude Include="Resources\Images\Gooby.h">
      <Filter>Header Files</Filter>
    </ClInclude>
    <ClInclude Include="Windows\Dialogs\MeasurementDialogs\ViewMeasurementDialog\ViewMeasurementDialog.h">
      <Filter>Header Files</Filter>
    </ClInclude>
    <ClInclude Include="Tools\Software\Libraries\ImPlot\implot.h">
      <Filter>Header Files</Filter>
    </ClInclude>
    <ClInclude Include="Tools\Software\Libraries\ImPlot\implot_internal.h">
      <Filter>Header Files</Filter>
    </ClInclude>
    <ClInclude Include="Tools\Software\Libraries\RapidCSV\rapidcsv.h">
      <Filter>Header Files</Filter>
    </ClInclude>
    <ClInclude Include="Tools\Software\Libraries\Libraries.h">
      <Filter>Header Files</Filter>
    </ClInclude>
    <ClInclude Include="Tools\Software\Libraries\ImGui\imconfig.h">
      <Filter>Header Files</Filter>
    </ClInclude>
    <ClInclude Include="Tools\Software\Libraries\ImGui\imgui.h">
      <Filter>Header Files</Filter>
    </ClInclude>
    <ClInclude Include="Tools\Software\Libraries\ImGui\imgui_internal.h">
      <Filter>Header Files</Filter>
    </ClInclude>
    <ClInclude Include="Tools\Software\Libraries\ImGui\imstb_rectpack.h">
      <Filter>Header Files</Filter>
    </ClInclude>
    <ClInclude Include="Tools\Software\Libraries\ImGui\imstb_textedit.h">
      <Filter>Header Files</Filter>
    </ClInclude>
    <ClInclude Include="Tools\Software\Libraries\ImGui\imstb_truetype.h">
      <Filter>Header Files</Filter>
    </ClInclude>
    <ClInclude Include="Tools\Software\Libraries\ImGui\backends\imgui_impl_sdl2.h">
      <Filter>Header Files</Filter>
    </ClInclude>
    <ClInclude Include="Tools\Software\Libraries\ImGui\backends\imgui_impl_opengl3_loader.h">
      <Filter>Header Files</Filter>
    </ClInclude>
    <ClInclude Include="Tools\Software\Libraries\ImGui\backends\imgui_impl_opengl3.h">
      <Filter>Header Files</Filter>
    </ClInclude>
    <ClInclude Include="Tools\Hardware\Network\Network.h">
      <Filter>Header Files</Filter>
    </ClInclude>
    <ClInclude Include="Tools\Hardware\Network\Protocols\ModbusTCP\ModbusTCP.h">
      <Filter>Header Files</Filter>
    </ClInclude>
    <ClInclude Include="Tools\Hardware\Network\Protocols\Protocols.h">
      <Filter>Header Files</Filter>
    </ClInclude>
    <ClInclude Include="Windows\Dialogs\ConnectionDialogs\NetworkConnectionDialog\NetworkConnectionDialog.h">
      <Filter>Header Files</Filter>
    </ClInclude>
    <ClInclude Include="Tools\Communications\Devices\STM32PLC\STM32PLC.h">
      <Filter>Header Files</Filter>
    </ClInclude>
    <ClInclude Include="Tools\Communications\Devices\ADL400\ADL400.h">
      <Filter>Header Files</Filter>
    </ClInclude>
    <ClInclude Include="Tools\Hardware\USB\Protocols\OpenSAEJ1939\OpenSAEJ1939.h">
      <Filter>Header Files</Filter>
    </ClInclude>
    <ClInclude Include="Tools\Hardware\USB\Protocols\OpenSAEJ1939\Hardware\Hardware.h">
      <Filter>Header Files</Filter>
    </ClInclude>
    <ClInclude Include="Tools\Hardware\USB\Protocols\OpenSAEJ1939\ISO_11783\ISO_11783_Enums\Enum_Valves.h">
      <Filter>Header Files</Filter>
    </ClInclude>
    <ClInclude Include="Tools\Hardware\USB\Protocols\OpenSAEJ1939\ISO_11783\ISO_11783-7_Application_Layer\Application_Layer.h">
      <Filter>Header Files</Filter>
    </ClInclude>
    <ClInclude Include="Tools\Hardware\USB\Protocols\OpenSAEJ1939\Open_SAE_J1939\Open_SAE_J1939.h">
      <Filter>Header Files</Filter>
    </ClInclude>
    <ClInclude Include="Tools\Hardware\USB\Protocols\OpenSAEJ1939\Open_SAE_J1939\Structs.h">
      <Filter>Header Files</Filter>
    </ClInclude>
    <ClInclude Include="Tools\Hardware\USB\Protocols\OpenSAEJ1939\SAE_J1939\SAE_J1939_Enums\Enum_Control_Byte.h">
      <Filter>Header Files</Filter>
    </ClInclude>
    <ClInclude Include="Tools\Hardware\USB\Protocols\OpenSAEJ1939\SAE_J1939\SAE_J1939_Enums\Enum_DM1_DM2.h">
      <Filter>Header Files</Filter>
    </ClInclude>
    <ClInclude Include="Tools\Hardware\USB\Protocols\OpenSAEJ1939\SAE_J1939\SAE_J1939_Enums\Enum_DM14_DM15.h">
      <Filter>Header Files</Filter>
    </ClInclude>
    <ClInclude Include="Tools\Hardware\USB\Protocols\OpenSAEJ1939\SAE_J1939\SAE_J1939_Enums\Enum_Group_Function_Value.h">
      <Filter>Header Files</Filter>
    </ClInclude>
    <ClInclude Include="Tools\Hardware\USB\Protocols\OpenSAEJ1939\SAE_J1939\SAE_J1939_Enums\Enum_NAME.h">
      <Filter>Header Files</Filter>
    </ClInclude>
    <ClInclude Include="Tools\Hardware\USB\Protocols\OpenSAEJ1939\SAE_J1939\SAE_J1939_Enums\Enum_PGN.h">
      <Filter>Header Files</Filter>
    </ClInclude>
    <ClInclude Include="Tools\Hardware\USB\Protocols\OpenSAEJ1939\SAE_J1939\SAE_J1939_Enums\Enum_Send_Status.h">
      <Filter>Header Files</Filter>
    </ClInclude>
    <ClInclude Include="Tools\Hardware\USB\Protocols\OpenSAEJ1939\SAE_J1939\SAE_J1939-21_Transport_Layer\Transport_Layer.h">
      <Filter>Header Files</Filter>
    </ClInclude>
    <ClInclude Include="Tools\Hardware\USB\Protocols\OpenSAEJ1939\SAE_J1939\SAE_J1939-71_Application_Layer\Application_Layer.h">
      <Filter>Header Files</Filter>
    </ClInclude>
    <ClInclude Include="Tools\Hardware\USB\Protocols\OpenSAEJ1939\SAE_J1939\SAE_J1939-73_Diagnostics_Layer\Diagnostics_Layer.h">
      <Filter>Header Files</Filter>
    </ClInclude>
    <ClInclude Include="Tools\Hardware\USB\Protocols\OpenSAEJ1939\SAE_J1939\SAE_J1939-81_Network_Management_Layer\Network_Management_Layer.h">
      <Filter>Header Files</Filter>
    </ClInclude>
    <ClInclude Include="Tools\Hardware\USB\Protocols\OpenSAEJ1939\Open_SAE_J1939\C89_Library.h">
      <Filter>Header Files</Filter>
    </ClInclude>
    <ClInclude Include="Windows\Dialogs\ConfigurationDialogs\ConfigurationSAEJ1939\ConfigureIdentificationsDialog\ConfigureIdentificationsDialog.h">
      <Filter>Header Files</Filter>
    </ClInclude>
    <ClInclude Include="Windows\Dialogs\ConfigurationDialogs\ConfigurationDialogs.h">
      <Filter>Header Files</Filter>
    </ClInclude>
    <ClInclude Include="Windows\Dialogs\ConfigurationDialogs\ConfigurationSAEJ1939\ConfigureDiagnosticMessageDialog\ConfigureDiagnosticMessageDialog.h">
      <Filter>Header Files</Filter>
    </ClInclude>
    <ClInclude Include="Windows\Dialogs\ConfigurationDialogs\ConfigurationSAEJ1939\ConfigurationSAEJ1939.h">
      <Filter>Header Files</Filter>
    </ClInclude>
    <ClInclude Include="Windows\Dialogs\ConfigurationDialogs\ConfigurationSAEJ1939\ConfigureNameDialog\ConfigureNameDialog.h">
      <Filter>Header Files</Filter>
    </ClInclude>
    <ClInclude Include="Windows\Dialogs\ConfigurationDialogs\ConfigurationSTM32PLC\ConfigurationSTM32PLC.h">
      <Filter>Header Files</Filter>
    </ClInclude>
    <ClInclude Include="Windows\Dialogs\ConfigurationDialogs\ConfigurationSTM32PLC\ConfigureAnalogInputDialog\ConfigureAnalogInputDialog.h">
      <Filter>Header Files</Filter>
    </ClInclude>
    <ClInclude Include="Windows\Dialogs\ConfigurationDialogs\ConfigurationSTM32PLC\ConfigureDateTimeDialog\ConfigureDateTimeDialog.h">
      <Filter>Header Files</Filter>
    </ClInclude>
    <ClInclude Include="Windows\Dialogs\ConfigurationDialogs\ConfigurationSTM32PLC\ConfigurePWMDialog\ConfigurePWMDialog.h">
      <Filter>Header Files</Filter>
    </ClInclude>
    <ClInclude Include="Windows\Dialogs\AnalyzeDialogs\CANTrafficDialog\CANTrafficDialog.h">
      <Filter>Header Files</Filter>
    </ClInclude>
    <ClInclude Include="Windows\Dialogs\AnalyzeDialogs\AnalyzeDialogs.h">
      <Filter>Header Files</Filter>
    </ClInclude>
    <ClInclude Include="Tools\Software\Libraries\CControl\Headers\defines.h">
      <Filter>Header Files</Filter>
    </ClInclude>
    <ClInclude Include="Tools\Software\Libraries\CControl\Headers\enums.h">
      <Filter>Header Files</Filter>
    </ClInclude>
    <ClInclude Include="Tools\Software\Libraries\CControl\Headers\functions.h">
      <Filter>Header Files</Filter>
    </ClInclude>
    <ClInclude Include="Tools\Software\Libraries\CControl\Headers\structs.h">
      <Filter>Header Files</Filter>
    </ClInclude>
    <ClInclude Include="Tools\Software\Libraries\CControl\Sources\SignalProcessing\FFTpack\fftpack.h">
      <Filter>Header Files</Filter>
    </ClInclude>
    <ClInclude Include="Tools\Software\Libraries\CControl\ccontrol.h">
      <Filter>Header Files</Filter>
    </ClInclude>
    <ClInclude Include="Windows\Dialogs\UtilDialogs\ImageDialogs\FisherFacesDialog\FisherFacesDialog.h">
      <Filter>Header Files</Filter>
    </ClInclude>
    <ClInclude Include="Windows\Dialogs\UtilDialogs\UtilDialogs.h">
      <Filter>Header Files</Filter>
    </ClInclude>
    <ClInclude Include="Windows\Dialogs\UtilDialogs\ImageDialogs\LandmarkDialog\LandmarkDialog.h">
      <Filter>Header Files</Filter>
    </ClInclude>
    <ClInclude Include="Windows\Dialogs\UtilDialogs\ImageDialogs\ImageDialogs.h">
      <Filter>Header Files</Filter>
    </ClInclude>
    <ClInclude Include="Windows\Dialogs\UtilDialogs\ImageDialogs\CameraDialog\CameraDialog.h">
      <Filter>Header Files</Filter>
    </ClInclude>
    <ClInclude Include="Tools\Software\Libraries\CControl\Headers\macros.h">
      <Filter>Header Files</Filter>
    </ClInclude>
    <ClInclude Include="Windows\Dialogs\UtilDialogs\DatabaseDialogs\DatabaseDialogs.h">
      <Filter>Header Files</Filter>
    </ClInclude>
    <ClInclude Include="Windows\Dialogs\UtilDialogs\DatabaseDialogs\GradesDialog\GradesDialog.h">
      <Filter>Header Files</Filter>
    </ClInclude>
    <ClInclude Include="Tools\Communications\Databases\ITHBetyg\ITHBetyg.h">
      <Filter>Header Files</Filter>
    </ClInclude>
    <ClInclude Include="Tools\Communications\Databases\Databases.h">
      <Filter>Header Files</Filter>
    </ClInclude>
    <ClInclude Include="Tools\Software\Libraries\CControl\Headers\headers.h">
      <Filter>Header Files</Filter>
    </ClInclude>
    <ClInclude Include="Tools\Software\Libraries\CControl\Sources\ArtificialIntelligence\artificialintelligence.h">
      <Filter>Header Files</Filter>
    </ClInclude>
    <ClInclude Include="Tools\Software\Libraries\CControl\Sources\ControlEngineering\controlengineering.h">
      <Filter>Header Files</Filter>
    </ClInclude>
    <ClInclude Include="Tools\Software\Libraries\CControl\Sources\Hardware\hardware.h">
      <Filter>Header Files</Filter>
    </ClInclude>
    <ClInclude Include="Tools\Software\Libraries\CControl\Sources\ImageProcessing\imageprocessing.h">
      <Filter>Header Files</Filter>
    </ClInclude>
    <ClInclude Include="Tools\Software\Libraries\CControl\Sources\LinearAlgebra\linearalgebra.h">
      <Filter>Header Files</Filter>
    </ClInclude>
    <ClInclude Include="Tools\Software\Libraries\CControl\Sources\MachineLearning\machinelearning.h">
      <Filter>Header Files</Filter>
    </ClInclude>
    <ClInclude Include="Tools\Software\Libraries\CControl\Sources\Miscellaneous\miscellaneous.h">
      <Filter>Header Files</Filter>
    </ClInclude>
    <ClInclude Include="Tools\Software\Libraries\CControl\Sources\Optimization\optimization.h">
      <Filter>Header Files</Filter>
    </ClInclude>
    <ClInclude Include="Tools\Software\Libraries\CControl\Sources\SignalProcessing\signalprocessing.h">
      <Filter>Header Files</Filter>
    </ClInclude>
    <ClInclude Include="Tools\Software\Libraries\CControl\Sources\Statistics\statistics.h">
      <Filter>Header Files</Filter>
    </ClInclude>
    <ClInclude Include="Tools\Software\Libraries\CControl\Sources\SystemIdentification\systemidentification.h">
      <Filter>Header Files</Filter>
    </ClInclude>
    <ClInclude Include="Tools\Software\Libraries\CControl\Sources\sources.h">
      <Filter>Header Files</Filter>
    </ClInclude>
    <ClInclude Include="Tools\Communications\Devices\Uponor-X-148\Uponor-X-148.h">
      <Filter>Header Files</Filter>
    </ClInclude>
  </ItemGroup>
  <ItemGroup>
    <None Include="parameters.dat" />
    <None Include="imgui.ini" />
  </ItemGroup>
  <ItemGroup>
    <Image Include="Resources\Images\Gooby.ico">
      <Filter>Resource Files</Filter>
    </Image>
    <Image Include="Resources\Images\Gooby.png">
      <Filter>Resource Files</Filter>
    </Image>
  </ItemGroup>
  <ItemGroup>
    <ResourceCompile Include="Resources\Images\Images.rc">
      <Filter>Resource Files</Filter>
    </ResourceCompile>
  </ItemGroup>
</Project>